
Microsoft Visual Studio Solution File, Format Version 12.00
# Visual Studio Version 17
VisualStudioVersion = 17.13.35818.85 d17.13
MinimumVisualStudioVersion = 10.0.40219.1
Project("{FAE04EC0-301F-11D3-BF4B-00C04F79EFBC}") = "LR2 new", "LR2 new\LR2 new.csproj", "{0FDAA2F5-4AF6-4427-AA2D-350941542D69}"
EndProject
Global
	GlobalSection(SolutionConfigurationPlatforms) = preSolution
		Debug|Any CPU = Debug|Any CPU
		Release|Any CPU = Release|Any CPU
	EndGlobalSection
	GlobalSection(ProjectConfigurationPlatforms) = postSolution
		{0FDAA2F5-4AF6-4427-AA2D-350941542D69}.Debug|Any CPU.ActiveCfg = Debug|Any CPU
		{0FDAA2F5-4AF6-4427-AA2D-350941542D69}.Debug|Any CPU.Build.0 = Debug|Any CPU
		{0FDAA2F5-4AF6-4427-AA2D-350941542D69}.Release|Any CPU.ActiveCfg = Release|Any CPU
		{0FDAA2F5-4AF6-4427-AA2D-350941542D69}.Release|Any CPU.Build.0 = Release|Any CPU
	EndGlobalSection
	GlobalSection(SolutionProperties) = preSolution
		HideSolutionNode = FALSE
	EndGlobalSection
	GlobalSection(ExtensibilityGlobals) = postSolution
		SolutionGuid = {6753C8D6-8948-4918-B5D2-10748727C180}
	EndGlobalSection
EndGlobal
